
Microsoft Visual Studio Solution File, Format Version 12.00
# Visual Studio 2012
Project("{2150E333-8FDC-42A3-9474-1A3956D46DE8}") = "CapaDeDatos", "CapaDeDatos", "{012CE245-64D1-40AA-AF71-9CEEC8ACB8ED}"
EndProject
Project("{2150E333-8FDC-42A3-9474-1A3956D46DE8}") = "CapaDeNegocio", "CapaDeNegocio", "{09DE87AF-023E-425F-BD1F-AAF94073A312}"
EndProject
Project("{2150E333-8FDC-42A3-9474-1A3956D46DE8}") = "CapaDePresentacion", "CapaDePresentacion", "{ADE6267A-2E8C-4A1F-A184-65DE3C52392F}"
EndProject
Project("{FAE04EC0-301F-11D3-BF4B-00C04F79EFBC}") = "BaseDeDatos", "BaseDeDatos\BaseDeDatos.csproj", "{47BA20DE-ABAA-4C40-B6A5-6727DA657E14}"
EndProject
Project("{FAE04EC0-301F-11D3-BF4B-00C04F79EFBC}") = "Negocio", "Negocio\Negocio.csproj", "{8915ACAB-7DBF-4F08-9054-8992CDAC2CB7}"
EndProject
Project("{FAE04EC0-301F-11D3-BF4B-00C04F79EFBC}") = "Controles", "Controles\Controles.csproj", "{0BFD4CD5-F9CE-4480-A909-97D5799DCE80}"
EndProject
Project("{FAE04EC0-301F-11D3-BF4B-00C04F79EFBC}") = "FormularioPrincipal", "FormularioPrincipal\FormularioPrincipal.csproj", "{9A9F4A08-2F1A-4543-B85C-50AD7C9A0B21}"
EndProject
Project("{FAE04EC0-301F-11D3-BF4B-00C04F79EFBC}") = "FormularioEstudiante", "FormularioEstudiante\FormularioEstudiante.csproj", "{83C05E39-BAF4-4AAC-811C-58A3F01C19D5}"
EndProject
Project("{FAE04EC0-301F-11D3-BF4B-00C04F79EFBC}") = "FormularioAntecedentePersonal", "FormularioAntecedentePersonal\FormularioAntecedentePersonal.csproj", "{C7CE2714-3613-42D7-8110-3A85E639BC74}"
EndProject
Project("{FAE04EC0-301F-11D3-BF4B-00C04F79EFBC}") = "FormularioAntecedenteFamiliar", "FormularioAntecedenteFamiliar\FormularioAntecedenteFamiliar.csproj", "{454242B5-2879-417C-BDB1-CAAEEBAD3509}"
EndProject
Project("{FAE04EC0-301F-11D3-BF4B-00C04F79EFBC}") = "FormularioHistorialComportamental", "HistorialComportamental\FormularioHistorialComportamental.csproj", "{B7E55605-3D79-4AD4-BFAC-1ACAFDFC88D7}"
EndProject
Project("{FAE04EC0-301F-11D3-BF4B-00C04F79EFBC}") = "FormularioHistorialFormativo", "FormularioHistorialFormativo\FormularioHistorialFormativo.csproj", "{20552A29-22AE-4556-94B3-FE9D35082574}"
EndProject
Project("{FAE04EC0-301F-11D3-BF4B-00C04F79EFBC}") = "FormularioRepresentante", "FormularioRepresentante\FormularioRepresentante.csproj", "{514822BA-23B4-415A-B36F-3D7012772837}"
EndProject
Project("{FAE04EC0-301F-11D3-BF4B-00C04F79EFBC}") = "FormularioMensajeria", "FormularioMensajeria\FormularioMensajeria.csproj", "{6BB19996-5378-4F6E-BC61-E9FC02755EFD}"
EndProject
Project("{6141683F-8A12-4E36-9623-2EB02B2C2303}") = "SetupColegioTecnico", "SetupColegioTecnico\SetupColegioTecnico.isproj", "{F3851653-465F-42E4-892B-4EF37B447400}"
	ProjectSection(ProjectDependencies) = postProject
		{9A9F4A08-2F1A-4543-B85C-50AD7C9A0B21} = {9A9F4A08-2F1A-4543-B85C-50AD7C9A0B21}
	EndProjectSection
EndProject
Global
	GlobalSection(SolutionConfigurationPlatforms) = preSolution
		CD_ROM|Any CPU = CD_ROM|Any CPU
		Debug|Any CPU = Debug|Any CPU
		DVD-5|Any CPU = DVD-5|Any CPU
		Release|Any CPU = Release|Any CPU
		SingleImage|Any CPU = SingleImage|Any CPU
	EndGlobalSection
	GlobalSection(ProjectConfigurationPlatforms) = postSolution
		{47BA20DE-ABAA-4C40-B6A5-6727DA657E14}.CD_ROM|Any CPU.ActiveCfg = Release|Any CPU
		{47BA20DE-ABAA-4C40-B6A5-6727DA657E14}.CD_ROM|Any CPU.Build.0 = Release|Any CPU
		{47BA20DE-ABAA-4C40-B6A5-6727DA657E14}.Debug|Any CPU.ActiveCfg = Debug|Any CPU
		{47BA20DE-ABAA-4C40-B6A5-6727DA657E14}.Debug|Any CPU.Build.0 = Debug|Any CPU
		{47BA20DE-ABAA-4C40-B6A5-6727DA657E14}.DVD-5|Any CPU.ActiveCfg = Debug|Any CPU
		{47BA20DE-ABAA-4C40-B6A5-6727DA657E14}.DVD-5|Any CPU.Build.0 = Debug|Any CPU
		{47BA20DE-ABAA-4C40-B6A5-6727DA657E14}.Release|Any CPU.ActiveCfg = Release|Any CPU
		{47BA20DE-ABAA-4C40-B6A5-6727DA657E14}.Release|Any CPU.Build.0 = Release|Any CPU
		{47BA20DE-ABAA-4C40-B6A5-6727DA657E14}.SingleImage|Any CPU.ActiveCfg = Release|Any CPU
		{47BA20DE-ABAA-4C40-B6A5-6727DA657E14}.SingleImage|Any CPU.Build.0 = Release|Any CPU
		{8915ACAB-7DBF-4F08-9054-8992CDAC2CB7}.CD_ROM|Any CPU.ActiveCfg = Release|Any CPU
		{8915ACAB-7DBF-4F08-9054-8992CDAC2CB7}.CD_ROM|Any CPU.Build.0 = Release|Any CPU
		{8915ACAB-7DBF-4F08-9054-8992CDAC2CB7}.Debug|Any CPU.ActiveCfg = Debug|Any CPU
		{8915ACAB-7DBF-4F08-9054-8992CDAC2CB7}.Debug|Any CPU.Build.0 = Debug|Any CPU
		{8915ACAB-7DBF-4F08-9054-8992CDAC2CB7}.DVD-5|Any CPU.ActiveCfg = Debug|Any CPU
		{8915ACAB-7DBF-4F08-9054-8992CDAC2CB7}.DVD-5|Any CPU.Build.0 = Debug|Any CPU
		{8915ACAB-7DBF-4F08-9054-8992CDAC2CB7}.Release|Any CPU.ActiveCfg = Release|Any CPU
		{8915ACAB-7DBF-4F08-9054-8992CDAC2CB7}.Release|Any CPU.Build.0 = Release|Any CPU
		{8915ACAB-7DBF-4F08-9054-8992CDAC2CB7}.SingleImage|Any CPU.ActiveCfg = Release|Any CPU
		{8915ACAB-7DBF-4F08-9054-8992CDAC2CB7}.SingleImage|Any CPU.Build.0 = Release|Any CPU
		{0BFD4CD5-F9CE-4480-A909-97D5799DCE80}.CD_ROM|Any CPU.ActiveCfg = Release|Any CPU
		{0BFD4CD5-F9CE-4480-A909-97D5799DCE80}.CD_ROM|Any CPU.Build.0 = Release|Any CPU
		{0BFD4CD5-F9CE-4480-A909-97D5799DCE80}.Debug|Any CPU.ActiveCfg = Debug|Any CPU
		{0BFD4CD5-F9CE-4480-A909-97D5799DCE80}.Debug|Any CPU.Build.0 = Debug|Any CPU
		{0BFD4CD5-F9CE-4480-A909-97D5799DCE80}.DVD-5|Any CPU.ActiveCfg = Debug|Any CPU
		{0BFD4CD5-F9CE-4480-A909-97D5799DCE80}.DVD-5|Any CPU.Build.0 = Debug|Any CPU
		{0BFD4CD5-F9CE-4480-A909-97D5799DCE80}.Release|Any CPU.ActiveCfg = Release|Any CPU
		{0BFD4CD5-F9CE-4480-A909-97D5799DCE80}.Release|Any CPU.Build.0 = Release|Any CPU
		{0BFD4CD5-F9CE-4480-A909-97D5799DCE80}.SingleImage|Any CPU.ActiveCfg = Release|Any CPU
		{0BFD4CD5-F9CE-4480-A909-97D5799DCE80}.SingleImage|Any CPU.Build.0 = Release|Any CPU
		{9A9F4A08-2F1A-4543-B85C-50AD7C9A0B21}.CD_ROM|Any CPU.ActiveCfg = Release|Any CPU
		{9A9F4A08-2F1A-4543-B85C-50AD7C9A0B21}.CD_ROM|Any CPU.Build.0 = Release|Any CPU
		{9A9F4A08-2F1A-4543-B85C-50AD7C9A0B21}.Debug|Any CPU.ActiveCfg = Debug|Any CPU
		{9A9F4A08-2F1A-4543-B85C-50AD7C9A0B21}.Debug|Any CPU.Build.0 = Debug|Any CPU
		{9A9F4A08-2F1A-4543-B85C-50AD7C9A0B21}.DVD-5|Any CPU.ActiveCfg = Debug|Any CPU
		{9A9F4A08-2F1A-4543-B85C-50AD7C9A0B21}.DVD-5|Any CPU.Build.0 = Debug|Any CPU
		{9A9F4A08-2F1A-4543-B85C-50AD7C9A0B21}.Release|Any CPU.ActiveCfg = Release|Any CPU
		{9A9F4A08-2F1A-4543-B85C-50AD7C9A0B21}.Release|Any CPU.Build.0 = Release|Any CPU
		{9A9F4A08-2F1A-4543-B85C-50AD7C9A0B21}.SingleImage|Any CPU.ActiveCfg = Release|Any CPU
		{9A9F4A08-2F1A-4543-B85C-50AD7C9A0B21}.SingleImage|Any CPU.Build.0 = Release|Any CPU
		{83C05E39-BAF4-4AAC-811C-58A3F01C19D5}.CD_ROM|Any CPU.ActiveCfg = Release|Any CPU
		{83C05E39-BAF4-4AAC-811C-58A3F01C19D5}.CD_ROM|Any CPU.Build.0 = Release|Any CPU
		{83C05E39-BAF4-4AAC-811C-58A3F01C19D5}.Debug|Any CPU.ActiveCfg = Debug|Any CPU
		{83C05E39-BAF4-4AAC-811C-58A3F01C19D5}.Debug|Any CPU.Build.0 = Debug|Any CPU
		{83C05E39-BAF4-4AAC-811C-58A3F01C19D5}.DVD-5|Any CPU.ActiveCfg = Debug|Any CPU
		{83C05E39-BAF4-4AAC-811C-58A3F01C19D5}.DVD-5|Any CPU.Build.0 = Debug|Any CPU
		{83C05E39-BAF4-4AAC-811C-58A3F01C19D5}.Release|Any CPU.ActiveCfg = Release|Any CPU
		{83C05E39-BAF4-4AAC-811C-58A3F01C19D5}.Release|Any CPU.Build.0 = Release|Any CPU
		{83C05E39-BAF4-4AAC-811C-58A3F01C19D5}.SingleImage|Any CPU.ActiveCfg = Release|Any CPU
		{83C05E39-BAF4-4AAC-811C-58A3F01C19D5}.SingleImage|Any CPU.Build.0 = Release|Any CPU
		{C7CE2714-3613-42D7-8110-3A85E639BC74}.CD_ROM|Any CPU.ActiveCfg = Release|Any CPU
		{C7CE2714-3613-42D7-8110-3A85E639BC74}.CD_ROM|Any CPU.Build.0 = Release|Any CPU
		{C7CE2714-3613-42D7-8110-3A85E639BC74}.Debug|Any CPU.ActiveCfg = Debug|Any CPU
		{C7CE2714-3613-42D7-8110-3A85E639BC74}.Debug|Any CPU.Build.0 = Debug|Any CPU
		{C7CE2714-3613-42D7-8110-3A85E639BC74}.DVD-5|Any CPU.ActiveCfg = Debug|Any CPU
		{C7CE2714-3613-42D7-8110-3A85E639BC74}.DVD-5|Any CPU.Build.0 = Debug|Any CPU
		{C7CE2714-3613-42D7-8110-3A85E639BC74}.Release|Any CPU.ActiveCfg = Release|Any CPU
		{C7CE2714-3613-42D7-8110-3A85E639BC74}.Release|Any CPU.Build.0 = Release|Any CPU
		{C7CE2714-3613-42D7-8110-3A85E639BC74}.SingleImage|Any CPU.ActiveCfg = Release|Any CPU
		{C7CE2714-3613-42D7-8110-3A85E639BC74}.SingleImage|Any CPU.Build.0 = Release|Any CPU
		{454242B5-2879-417C-BDB1-CAAEEBAD3509}.CD_ROM|Any CPU.ActiveCfg = Release|Any CPU
		{454242B5-2879-417C-BDB1-CAAEEBAD3509}.CD_ROM|Any CPU.Build.0 = Release|Any CPU
		{454242B5-2879-417C-BDB1-CAAEEBAD3509}.Debug|Any CPU.ActiveCfg = Debug|Any CPU
		{454242B5-2879-417C-BDB1-CAAEEBAD3509}.Debug|Any CPU.Build.0 = Debug|Any CPU
		{454242B5-2879-417C-BDB1-CAAEEBAD3509}.DVD-5|Any CPU.ActiveCfg = Debug|Any CPU
		{454242B5-2879-417C-BDB1-CAAEEBAD3509}.DVD-5|Any CPU.Build.0 = Debug|Any CPU
		{454242B5-2879-417C-BDB1-CAAEEBAD3509}.Release|Any CPU.ActiveCfg = Release|Any CPU
		{454242B5-2879-417C-BDB1-CAAEEBAD3509}.Release|Any CPU.Build.0 = Release|Any CPU
		{454242B5-2879-417C-BDB1-CAAEEBAD3509}.SingleImage|Any CPU.ActiveCfg = Release|Any CPU
		{454242B5-2879-417C-BDB1-CAAEEBAD3509}.SingleImage|Any CPU.Build.0 = Release|Any CPU
		{B7E55605-3D79-4AD4-BFAC-1ACAFDFC88D7}.CD_ROM|Any CPU.ActiveCfg = Release|Any CPU
		{B7E55605-3D79-4AD4-BFAC-1ACAFDFC88D7}.CD_ROM|Any CPU.Build.0 = Release|Any CPU
		{B7E55605-3D79-4AD4-BFAC-1ACAFDFC88D7}.Debug|Any CPU.ActiveCfg = Debug|Any CPU
		{B7E55605-3D79-4AD4-BFAC-1ACAFDFC88D7}.Debug|Any CPU.Build.0 = Debug|Any CPU
		{B7E55605-3D79-4AD4-BFAC-1ACAFDFC88D7}.DVD-5|Any CPU.ActiveCfg = Debug|Any CPU
		{B7E55605-3D79-4AD4-BFAC-1ACAFDFC88D7}.DVD-5|Any CPU.Build.0 = Debug|Any CPU
		{B7E55605-3D79-4AD4-BFAC-1ACAFDFC88D7}.Release|Any CPU.ActiveCfg = Release|Any CPU
		{B7E55605-3D79-4AD4-BFAC-1ACAFDFC88D7}.Release|Any CPU.Build.0 = Release|Any CPU
		{B7E55605-3D79-4AD4-BFAC-1ACAFDFC88D7}.SingleImage|Any CPU.ActiveCfg = Release|Any CPU
		{B7E55605-3D79-4AD4-BFAC-1ACAFDFC88D7}.SingleImage|Any CPU.Build.0 = Release|Any CPU
		{20552A29-22AE-4556-94B3-FE9D35082574}.CD_ROM|Any CPU.ActiveCfg = Release|Any CPU
		{20552A29-22AE-4556-94B3-FE9D35082574}.CD_ROM|Any CPU.Build.0 = Release|Any CPU
		{20552A29-22AE-4556-94B3-FE9D35082574}.Debug|Any CPU.ActiveCfg = Debug|Any CPU
		{20552A29-22AE-4556-94B3-FE9D35082574}.Debug|Any CPU.Build.0 = Debug|Any CPU
		{20552A29-22AE-4556-94B3-FE9D35082574}.DVD-5|Any CPU.ActiveCfg = Debug|Any CPU
		{20552A29-22AE-4556-94B3-FE9D35082574}.DVD-5|Any CPU.Build.0 = Debug|Any CPU
		{20552A29-22AE-4556-94B3-FE9D35082574}.Release|Any CPU.ActiveCfg = Release|Any CPU
		{20552A29-22AE-4556-94B3-FE9D35082574}.Release|Any CPU.Build.0 = Release|Any CPU
		{20552A29-22AE-4556-94B3-FE9D35082574}.SingleImage|Any CPU.ActiveCfg = Release|Any CPU
		{20552A29-22AE-4556-94B3-FE9D35082574}.SingleImage|Any CPU.Build.0 = Release|Any CPU
		{514822BA-23B4-415A-B36F-3D7012772837}.CD_ROM|Any CPU.ActiveCfg = Release|Any CPU
		{514822BA-23B4-415A-B36F-3D7012772837}.CD_ROM|Any CPU.Build.0 = Release|Any CPU
		{514822BA-23B4-415A-B36F-3D7012772837}.Debug|Any CPU.ActiveCfg = Debug|Any CPU
		{514822BA-23B4-415A-B36F-3D7012772837}.Debug|Any CPU.Build.0 = Debug|Any CPU
		{514822BA-23B4-415A-B36F-3D7012772837}.DVD-5|Any CPU.ActiveCfg = Debug|Any CPU
		{514822BA-23B4-415A-B36F-3D7012772837}.DVD-5|Any CPU.Build.0 = Debug|Any CPU
		{514822BA-23B4-415A-B36F-3D7012772837}.Release|Any CPU.ActiveCfg = Release|Any CPU
		{514822BA-23B4-415A-B36F-3D7012772837}.Release|Any CPU.Build.0 = Release|Any CPU
		{514822BA-23B4-415A-B36F-3D7012772837}.SingleImage|Any CPU.ActiveCfg = Release|Any CPU
		{514822BA-23B4-415A-B36F-3D7012772837}.SingleImage|Any CPU.Build.0 = Release|Any CPU
		{6BB19996-5378-4F6E-BC61-E9FC02755EFD}.CD_ROM|Any CPU.ActiveCfg = Release|Any CPU
		{6BB19996-5378-4F6E-BC61-E9FC02755EFD}.CD_ROM|Any CPU.Build.0 = Release|Any CPU
		{6BB19996-5378-4F6E-BC61-E9FC02755EFD}.Debug|Any CPU.ActiveCfg = Debug|Any CPU
		{6BB19996-5378-4F6E-BC61-E9FC02755EFD}.Debug|Any CPU.Build.0 = Debug|Any CPU
		{6BB19996-5378-4F6E-BC61-E9FC02755EFD}.DVD-5|Any CPU.ActiveCfg = Debug|Any CPU
		{6BB19996-5378-4F6E-BC61-E9FC02755EFD}.DVD-5|Any CPU.Build.0 = Debug|Any CPU
		{6BB19996-5378-4F6E-BC61-E9FC02755EFD}.Release|Any CPU.ActiveCfg = Release|Any CPU
		{6BB19996-5378-4F6E-BC61-E9FC02755EFD}.Release|Any CPU.Build.0 = Release|Any CPU
		{6BB19996-5378-4F6E-BC61-E9FC02755EFD}.SingleImage|Any CPU.ActiveCfg = Release|Any CPU
		{6BB19996-5378-4F6E-BC61-E9FC02755EFD}.SingleImage|Any CPU.Build.0 = Release|Any CPU
		{F3851653-465F-42E4-892B-4EF37B447400}.CD_ROM|Any CPU.ActiveCfg = CD_ROM
		{F3851653-465F-42E4-892B-4EF37B447400}.CD_ROM|Any CPU.Build.0 = CD_ROM
		{F3851653-465F-42E4-892B-4EF37B447400}.Debug|Any CPU.ActiveCfg = DVD-5
		{F3851653-465F-42E4-892B-4EF37B447400}.Debug|Any CPU.Build.0 = DVD-5
		{F3851653-465F-42E4-892B-4EF37B447400}.DVD-5|Any CPU.ActiveCfg = DVD-5
		{F3851653-465F-42E4-892B-4EF37B447400}.DVD-5|Any CPU.Build.0 = DVD-5
		{F3851653-465F-42E4-892B-4EF37B447400}.Release|Any CPU.ActiveCfg = SingleImage
		{F3851653-465F-42E4-892B-4EF37B447400}.Release|Any CPU.Build.0 = SingleImage
		{F3851653-465F-42E4-892B-4EF37B447400}.SingleImage|Any CPU.ActiveCfg = SingleImage
		{F3851653-465F-42E4-892B-4EF37B447400}.SingleImage|Any CPU.Build.0 = SingleImage
	EndGlobalSection
	GlobalSection(SolutionProperties) = preSolution
		HideSolutionNode = FALSE
	EndGlobalSection
	GlobalSection(NestedProjects) = preSolution
		{47BA20DE-ABAA-4C40-B6A5-6727DA657E14} = {012CE245-64D1-40AA-AF71-9CEEC8ACB8ED}
		{8915ACAB-7DBF-4F08-9054-8992CDAC2CB7} = {09DE87AF-023E-425F-BD1F-AAF94073A312}
		{0BFD4CD5-F9CE-4480-A909-97D5799DCE80} = {ADE6267A-2E8C-4A1F-A184-65DE3C52392F}
		{9A9F4A08-2F1A-4543-B85C-50AD7C9A0B21} = {ADE6267A-2E8C-4A1F-A184-65DE3C52392F}
		{83C05E39-BAF4-4AAC-811C-58A3F01C19D5} = {ADE6267A-2E8C-4A1F-A184-65DE3C52392F}
		{C7CE2714-3613-42D7-8110-3A85E639BC74} = {ADE6267A-2E8C-4A1F-A184-65DE3C52392F}
		{454242B5-2879-417C-BDB1-CAAEEBAD3509} = {ADE6267A-2E8C-4A1F-A184-65DE3C52392F}
		{B7E55605-3D79-4AD4-BFAC-1ACAFDFC88D7} = {ADE6267A-2E8C-4A1F-A184-65DE3C52392F}
		{20552A29-22AE-4556-94B3-FE9D35082574} = {ADE6267A-2E8C-4A1F-A184-65DE3C52392F}
		{514822BA-23B4-415A-B36F-3D7012772837} = {ADE6267A-2E8C-4A1F-A184-65DE3C52392F}
		{6BB19996-5378-4F6E-BC61-E9FC02755EFD} = {ADE6267A-2E8C-4A1F-A184-65DE3C52392F}
	EndGlobalSection
EndGlobal
